<?xml version="1.0" encoding="utf-8"?>
<Project ToolsVersion="4.0" xmlns="http://schemas.microsoft.com/developer/msbuild/2003">
  <ItemGroup>
    <Filter Include="Source Files">
      <UniqueIdentifier>{4FC737F1-C7A5-4376-A066-2A32D752A2FF}</UniqueIdentifier>
      <Extensions>cpp;c;cc;cxx;c++;cppm;ixx;def;odl;idl;hpj;bat;asm;asmx</Extensions>
    </Filter>
    <Filter Include="Header Files">
      <UniqueIdentifier>{93995380-89BD-4b04-88EB-625FBE52EBFB}</UniqueIdentifier>
      <Extensions>h;hh;hpp;hxx;h++;hm;inl;inc;ipp;xsd</Extensions>
    </Filter>
    <Filter Include="Resource Files">
      <UniqueIdentifier>{67DA6AB6-F800-4c08-8B7A-83BB121AAD01}</UniqueIdentifier>
      <Extensions>rc;ico;cur;bmp;dlg;rc2;rct;bin;rgs;gif;jpg;jpeg;jpe;resx;tiff;tif;png;wav;mfcribbon-ms</Extensions>
    </Filter>
    <Filter Include="Source Files\Tick">
      <UniqueIdentifier>{4c4e398f-4ead-416a-97c4-8608f0809716}</UniqueIdentifier>
    </Filter>
    <Filter Include="Header Files\Tick">
      <UniqueIdentifier>{d77a4b0d-a3d9-4534-9213-dc8f576f850d}</UniqueIdentifier>
    </Filter>
    <Filter Include="Source Files\User">
      <UniqueIdentifier>{99cad6fc-0a80-48e6-951e-623a6ce89d52}</UniqueIdentifier>
    </Filter>
    <Filter Include="Source Files\Content">
      <UniqueIdentifier>{a651ebf6-405e-482d-a65b-7fc38b863081}</UniqueIdentifier>
    </Filter>
    <Filter Include="Header Files\User">
      <UniqueIdentifier>{ebe41b7e-763d-43ad-b2f1-ad6f96081cce}</UniqueIdentifier>
    </Filter>
    <Filter Include="Header Files\Content">
      <UniqueIdentifier>{5b586bbb-947e-4efe-b21a-4519ffeaf462}</UniqueIdentifier>
    </Filter>
  </ItemGroup>
  <ItemGroup>
    <ClCompile Include="main.c">
      <Filter>Source Files</Filter>
    </ClCompile>
    <ClCompile Include="tick.c">
      <Filter>Source Files\Tick</Filter>
    </ClCompile>
    <ClCompile Include="UserInfo.c">
      <Filter>Source Files\User</Filter>
    </ClCompile>
    <ClCompile Include="UserHandler.c">
      <Filter>Source Files\User</Filter>
    </ClCompile>
  </ItemGroup>
  <ItemGroup>
    <ClInclude Include="tick.h">
      <Filter>Header Files\Tick</Filter>
    </ClInclude>
    <ClInclude Include="UserInfo.h">
      <Filter>Header Files\User</Filter>
    </ClInclude>
    <ClInclude Include="UserHandler.h">
      <Filter>Header Files\User</Filter>
    </ClInclude>
  </ItemGroup>
</Project>